
Microsoft Visual Studio Solution File, Format Version 12.00
# Visual Studio Version 17
VisualStudioVersion = 17.12.35527.113 d17.12
MinimumVisualStudioVersion = 10.0.40219.1
Project("{FAE04EC0-301F-11D3-BF4B-00C04F79EFBC}") = "DemoOnion", "DemoOnion\DemoOnion.csproj", "{476CDEB8-BA26-4C0B-9319-3991EDCE3097}"
EndProject
Project("{FAE04EC0-301F-11D3-BF4B-00C04F79EFBC}") = "Demo.Domain", "Demo.Domain\Demo.Domain.csproj", "{6FFD4B9A-EF6E-4502-A799-4F8F34FC24EB}"
EndProject
Project("{FAE04EC0-301F-11D3-BF4B-00C04F79EFBC}") = "Demo.Aplication", "Demo.Aplication\Demo.Aplication.csproj", "{4671FE60-8007-4E5D-A5AA-B4F6D5A39A8D}"
EndProject
Project("{FAE04EC0-301F-11D3-BF4B-00C04F79EFBC}") = "Demo.Infrastructure", "Demo.Infrastructure\Demo.Infrastructure.csproj", "{228C9F9C-E27A-4477-AB20-A086D759A0DE}"
EndProject
Global
	GlobalSection(SolutionConfigurationPlatforms) = preSolution
		Debug|Any CPU = Debug|Any CPU
		Release|Any CPU = Release|Any CPU
	EndGlobalSection
	GlobalSection(ProjectConfigurationPlatforms) = postSolution
		{476CDEB8-BA26-4C0B-9319-3991EDCE3097}.Debug|Any CPU.ActiveCfg = Debug|Any CPU
		{476CDEB8-BA26-4C0B-9319-3991EDCE3097}.Debug|Any CPU.Build.0 = Debug|Any CPU
		{476CDEB8-BA26-4C0B-9319-3991EDCE3097}.Release|Any CPU.ActiveCfg = Release|Any CPU
		{476CDEB8-BA26-4C0B-9319-3991EDCE3097}.Release|Any CPU.Build.0 = Release|Any CPU
		{6FFD4B9A-EF6E-4502-A799-4F8F34FC24EB}.Debug|Any CPU.ActiveCfg = Debug|Any CPU
		{6FFD4B9A-EF6E-4502-A799-4F8F34FC24EB}.Debug|Any CPU.Build.0 = Debug|Any CPU
		{6FFD4B9A-EF6E-4502-A799-4F8F34FC24EB}.Release|Any CPU.ActiveCfg = Release|Any CPU
		{6FFD4B9A-EF6E-4502-A799-4F8F34FC24EB}.Release|Any CPU.Build.0 = Release|Any CPU
		{4671FE60-8007-4E5D-A5AA-B4F6D5A39A8D}.Debug|Any CPU.ActiveCfg = Debug|Any CPU
		{4671FE60-8007-4E5D-A5AA-B4F6D5A39A8D}.Debug|Any CPU.Build.0 = Debug|Any CPU
		{4671FE60-8007-4E5D-A5AA-B4F6D5A39A8D}.Release|Any CPU.ActiveCfg = Release|Any CPU
		{4671FE60-8007-4E5D-A5AA-B4F6D5A39A8D}.Release|Any CPU.Build.0 = Release|Any CPU
		{228C9F9C-E27A-4477-AB20-A086D759A0DE}.Debug|Any CPU.ActiveCfg = Debug|Any CPU
		{228C9F9C-E27A-4477-AB20-A086D759A0DE}.Debug|Any CPU.Build.0 = Debug|Any CPU
		{228C9F9C-E27A-4477-AB20-A086D759A0DE}.Release|Any CPU.ActiveCfg = Release|Any CPU
		{228C9F9C-E27A-4477-AB20-A086D759A0DE}.Release|Any CPU.Build.0 = Release|Any CPU
	EndGlobalSection
	GlobalSection(SolutionProperties) = preSolution
		HideSolutionNode = FALSE
	EndGlobalSection
EndGlobal
